
Microsoft Visual Studio Solution File, Format Version 12.00
# Visual Studio Version 17
VisualStudioVersion = 17.0.31903.59
MinimumVisualStudioVersion = 10.0.40219.1
Project("{9A19103F-16F7-4668-BE54-9A1E7A4F7556}") = "Pomodoro.Api", "Pomodoro.Api\Pomodoro.Api.csproj", "{61A26389-E545-4D6C-BDC3-8403DB6548CB}"
EndProject
Project("{9A19103F-16F7-4668-BE54-9A1E7A4F7556}") = "Pomodoro.Tests", "Pomodoro.Tests\Pomodoro.Tests.csproj", "{B184E51F-FE80-49D2-B3DF-EA23CCEDFDAE}"
EndProject
Project("{9A19103F-16F7-4668-BE54-9A1E7A4F7556}") = "Pomodoro.Core", "Pomodoro.Core\Pomodoro.Core.csproj", "{4A8B35E8-1496-4D5A-8211-B86E60D2673F}"
EndProject
Project("{9A19103F-16F7-4668-BE54-9A1E7A4F7556}") = "Pomodoro.DataAccess", "Pomodoro.DataAccess\Pomodoro.DataAccess.csproj", "{C4195EB9-771B-4EED-8AB1-54E5F5EAB0EC}"
EndProject
Project("{9A19103F-16F7-4668-BE54-9A1E7A4F7556}") = "Pomodoro.Services", "Pomodoro.Services\Pomodoro.Services.csproj", "{17B4F872-AA34-450D-A9AB-0DAE9BD99983}"
EndProject
Global
	GlobalSection(SolutionConfigurationPlatforms) = preSolution
		Debug|Any CPU = Debug|Any CPU
		Release|Any CPU = Release|Any CPU
	EndGlobalSection
	GlobalSection(ProjectConfigurationPlatforms) = postSolution
		{61A26389-E545-4D6C-BDC3-8403DB6548CB}.Debug|Any CPU.ActiveCfg = Debug|Any CPU
		{61A26389-E545-4D6C-BDC3-8403DB6548CB}.Debug|Any CPU.Build.0 = Debug|Any CPU
		{61A26389-E545-4D6C-BDC3-8403DB6548CB}.Release|Any CPU.ActiveCfg = Release|Any CPU
		{61A26389-E545-4D6C-BDC3-8403DB6548CB}.Release|Any CPU.Build.0 = Release|Any CPU
		{B184E51F-FE80-49D2-B3DF-EA23CCEDFDAE}.Debug|Any CPU.ActiveCfg = Debug|Any CPU
		{B184E51F-FE80-49D2-B3DF-EA23CCEDFDAE}.Debug|Any CPU.Build.0 = Debug|Any CPU
		{B184E51F-FE80-49D2-B3DF-EA23CCEDFDAE}.Release|Any CPU.ActiveCfg = Release|Any CPU
		{B184E51F-FE80-49D2-B3DF-EA23CCEDFDAE}.Release|Any CPU.Build.0 = Release|Any CPU
		{4A8B35E8-1496-4D5A-8211-B86E60D2673F}.Debug|Any CPU.ActiveCfg = Debug|Any CPU
		{4A8B35E8-1496-4D5A-8211-B86E60D2673F}.Debug|Any CPU.Build.0 = Debug|Any CPU
		{4A8B35E8-1496-4D5A-8211-B86E60D2673F}.Release|Any CPU.ActiveCfg = Release|Any CPU
		{4A8B35E8-1496-4D5A-8211-B86E60D2673F}.Release|Any CPU.Build.0 = Release|Any CPU
		{C4195EB9-771B-4EED-8AB1-54E5F5EAB0EC}.Debug|Any CPU.ActiveCfg = Debug|Any CPU
		{C4195EB9-771B-4EED-8AB1-54E5F5EAB0EC}.Debug|Any CPU.Build.0 = Debug|Any CPU
		{C4195EB9-771B-4EED-8AB1-54E5F5EAB0EC}.Release|Any CPU.ActiveCfg = Release|Any CPU
		{C4195EB9-771B-4EED-8AB1-54E5F5EAB0EC}.Release|Any CPU.Build.0 = Release|Any CPU
		{17B4F872-AA34-450D-A9AB-0DAE9BD99983}.Debug|Any CPU.ActiveCfg = Debug|Any CPU
		{17B4F872-AA34-450D-A9AB-0DAE9BD99983}.Debug|Any CPU.Build.0 = Debug|Any CPU
		{17B4F872-AA34-450D-A9AB-0DAE9BD99983}.Release|Any CPU.ActiveCfg = Release|Any CPU
		{17B4F872-AA34-450D-A9AB-0DAE9BD99983}.Release|Any CPU.Build.0 = Release|Any CPU
	EndGlobalSection
	GlobalSection(SolutionProperties) = preSolution
		HideSolutionNode = FALSE
	EndGlobalSection
	GlobalSection(ExtensibilityGlobals) = postSolution
		SolutionGuid = {39D20278-EA04-4FAD-A578-2C9C21E18803}
	EndGlobalSection
EndGlobal
